
Microsoft Visual Studio Solution File, Format Version 12.00
# Visual Studio Version 17
VisualStudioVersion = 17.7.34024.191
MinimumVisualStudioVersion = 10.0.40219.1
Project("{FAE04EC0-301F-11D3-BF4B-00C04F79EFBC}") = "Fibonacci_IPZ", "Fibonacci_IPZ\Fibonacci_IPZ.csproj", "{00D1E78C-7653-4FC9-A6E2-CC3946189DF5}"
EndProject
Global
	GlobalSection(SolutionConfigurationPlatforms) = preSolution
		Debug|Any CPU = Debug|Any CPU
		Release|Any CPU = Release|Any CPU
	EndGlobalSection
	GlobalSection(ProjectConfigurationPlatforms) = postSolution
		{00D1E78C-7653-4FC9-A6E2-CC3946189DF5}.Debug|Any CPU.ActiveCfg = Debug|Any CPU
		{00D1E78C-7653-4FC9-A6E2-CC3946189DF5}.Debug|Any CPU.Build.0 = Debug|Any CPU
		{00D1E78C-7653-4FC9-A6E2-CC3946189DF5}.Release|Any CPU.ActiveCfg = Release|Any CPU
		{00D1E78C-7653-4FC9-A6E2-CC3946189DF5}.Release|Any CPU.Build.0 = Release|Any CPU
	EndGlobalSection
	GlobalSection(SolutionProperties) = preSolution
		HideSolutionNode = FALSE
	EndGlobalSection
	GlobalSection(ExtensibilityGlobals) = postSolution
		SolutionGuid = {2F286290-FC25-4237-A88D-4EE03ACF44CA}
	EndGlobalSection
EndGlobal
